Microsoft Visual Studio Solution File, Format Version 12.00
# Visual Studio Version 16
VisualStudioVersion = 16.0.32106.194
MinimumVisualStudioVersion = 15.0.26124.0
Project("{FAE04EC0-301F-11D3-BF4B-00C04F79EFBC}") = "Zip.Installments.DomainEntities", "Zip.Installments.DomainEntities\Zip.Installments.DomainEntities.csproj", "{78DF89EE-B075-4D11-AF47-BBE8F9AE6CD9}"
EndProject
Project("{FAE04EC0-301F-11D3-BF4B-00C04F79EFBC}") = "Zip.Installments.Repositories", "Zip.Installments.Repositories\Zip.Installments.Repositories.csproj", "{3EE90BD8-BAF1-43C3-8DB7-9BD2BD0E3EBD}"
EndProject
Project("{FAE04EC0-301F-11D3-BF4B-00C04F79EFBC}") = "Zip.Installments.WebApi", "Zip.Installments.WebApi\Zip.Installments.WebApi.csproj", "{15AB0992-AAC0-423D-B78E-54CA45401073}"
EndProject
Project("{FAE04EC0-301F-11D3-BF4B-00C04F79EFBC}") = "Zip.Installments.WebApp", "Zip.Installments.WebApp\Zip.Installments.WebApp.csproj", "{8DF8D893-5042-426D-A5BE-B54291C4FF9B}"
EndProject
Project("{FAE04EC0-301F-11D3-BF4B-00C04F79EFBC}") = "Zip.Installments.Test", "Zip.Installments.Test\Zip.Installments.Test.csproj", "{9B1E29B1-9B45-4A87-A37E-FA7FD3542E53}"
EndProject
Global
	GlobalSection(SolutionConfigurationPlatforms) = preSolution
		Debug|Any CPU = Debug|Any CPU
		Debug|x64 = Debug|x64
		Debug|x86 = Debug|x86
		Release|Any CPU = Release|Any CPU
		Release|x64 = Release|x64
		Release|x86 = Release|x86
	EndGlobalSection
	GlobalSection(ProjectConfigurationPlatforms) = postSolution
		{78DF89EE-B075-4D11-AF47-BBE8F9AE6CD9}.Debug|Any CPU.ActiveCfg = Debug|Any CPU
		{78DF89EE-B075-4D11-AF47-BBE8F9AE6CD9}.Debug|Any CPU.Build.0 = Debug|Any CPU
		{78DF89EE-B075-4D11-AF47-BBE8F9AE6CD9}.Debug|x64.ActiveCfg = Debug|Any CPU
		{78DF89EE-B075-4D11-AF47-BBE8F9AE6CD9}.Debug|x64.Build.0 = Debug|Any CPU
		{78DF89EE-B075-4D11-AF47-BBE8F9AE6CD9}.Debug|x86.ActiveCfg = Debug|Any CPU
		{78DF89EE-B075-4D11-AF47-BBE8F9AE6CD9}.Debug|x86.Build.0 = Debug|Any CPU
		{78DF89EE-B075-4D11-AF47-BBE8F9AE6CD9}.Release|Any CPU.ActiveCfg = Release|Any CPU
		{78DF89EE-B075-4D11-AF47-BBE8F9AE6CD9}.Release|Any CPU.Build.0 = Release|Any CPU
		{78DF89EE-B075-4D11-AF47-BBE8F9AE6CD9}.Release|x64.ActiveCfg = Release|Any CPU
		{78DF89EE-B075-4D11-AF47-BBE8F9AE6CD9}.Release|x64.Build.0 = Release|Any CPU
		{78DF89EE-B075-4D11-AF47-BBE8F9AE6CD9}.Release|x86.ActiveCfg = Release|Any CPU
		{78DF89EE-B075-4D11-AF47-BBE8F9AE6CD9}.Release|x86.Build.0 = Release|Any CPU
		{3EE90BD8-BAF1-43C3-8DB7-9BD2BD0E3EBD}.Debug|Any CPU.ActiveCfg = Debug|Any CPU
		{3EE90BD8-BAF1-43C3-8DB7-9BD2BD0E3EBD}.Debug|Any CPU.Build.0 = Debug|Any CPU
		{3EE90BD8-BAF1-43C3-8DB7-9BD2BD0E3EBD}.Debug|x64.ActiveCfg = Debug|Any CPU
		{3EE90BD8-BAF1-43C3-8DB7-9BD2BD0E3EBD}.Debug|x64.Build.0 = Debug|Any CPU
		{3EE90BD8-BAF1-43C3-8DB7-9BD2BD0E3EBD}.Debug|x86.ActiveCfg = Debug|Any CPU
		{3EE90BD8-BAF1-43C3-8DB7-9BD2BD0E3EBD}.Debug|x86.Build.0 = Debug|Any CPU
		{3EE90BD8-BAF1-43C3-8DB7-9BD2BD0E3EBD}.Release|Any CPU.ActiveCfg = Release|Any CPU
		{3EE90BD8-BAF1-43C3-8DB7-9BD2BD0E3EBD}.Release|Any CPU.Build.0 = Release|Any CPU
		{3EE90BD8-BAF1-43C3-8DB7-9BD2BD0E3EBD}.Release|x64.ActiveCfg = Release|Any CPU
		{3EE90BD8-BAF1-43C3-8DB7-9BD2BD0E3EBD}.Release|x64.Build.0 = Release|Any CPU
		{3EE90BD8-BAF1-43C3-8DB7-9BD2BD0E3EBD}.Release|x86.ActiveCfg = Release|Any CPU
		{3EE90BD8-BAF1-43C3-8DB7-9BD2BD0E3EBD}.Release|x86.Build.0 = Release|Any CPU
		{15AB0992-AAC0-423D-B78E-54CA45401073}.Debug|Any CPU.ActiveCfg = Debug|Any CPU
		{15AB0992-AAC0-423D-B78E-54CA45401073}.Debug|Any CPU.Build.0 = Debug|Any CPU
		{15AB0992-AAC0-423D-B78E-54CA45401073}.Debug|x64.ActiveCfg = Debug|Any CPU
		{15AB0992-AAC0-423D-B78E-54CA45401073}.Debug|x64.Build.0 = Debug|Any CPU
		{15AB0992-AAC0-423D-B78E-54CA45401073}.Debug|x86.ActiveCfg = Debug|Any CPU
		{15AB0992-AAC0-423D-B78E-54CA45401073}.Debug|x86.Build.0 = Debug|Any CPU
		{15AB0992-AAC0-423D-B78E-54CA45401073}.Release|Any CPU.ActiveCfg = Release|Any CPU
		{15AB0992-AAC0-423D-B78E-54CA45401073}.Release|Any CPU.Build.0 = Release|Any CPU
		{15AB0992-AAC0-423D-B78E-54CA45401073}.Release|x64.ActiveCfg = Release|Any CPU
		{15AB0992-AAC0-423D-B78E-54CA45401073}.Release|x64.Build.0 = Release|Any CPU
		{15AB0992-AAC0-423D-B78E-54CA45401073}.Release|x86.ActiveCfg = Release|Any CPU
		{15AB0992-AAC0-423D-B78E-54CA45401073}.Release|x86.Build.0 = Release|Any CPU
		{8DF8D893-5042-426D-A5BE-B54291C4FF9B}.Debug|Any CPU.ActiveCfg = Debug|Any CPU
		{8DF8D893-5042-426D-A5BE-B54291C4FF9B}.Debug|Any CPU.Build.0 = Debug|Any CPU
		{8DF8D893-5042-426D-A5BE-B54291C4FF9B}.Debug|x64.ActiveCfg = Debug|Any CPU
		{8DF8D893-5042-426D-A5BE-B54291C4FF9B}.Debug|x64.Build.0 = Debug|Any CPU
		{8DF8D893-5042-426D-A5BE-B54291C4FF9B}.Debug|x86.ActiveCfg = Debug|Any CPU
		{8DF8D893-5042-426D-A5BE-B54291C4FF9B}.Debug|x86.Build.0 = Debug|Any CPU
		{8DF8D893-5042-426D-A5BE-B54291C4FF9B}.Release|Any CPU.ActiveCfg = Release|Any CPU
		{8DF8D893-5042-426D-A5BE-B54291C4FF9B}.Release|Any CPU.Build.0 = Release|Any CPU
		{8DF8D893-5042-426D-A5BE-B54291C4FF9B}.Release|x64.ActiveCfg = Release|Any CPU
		{8DF8D893-5042-426D-A5BE-B54291C4FF9B}.Release|x64.Build.0 = Release|Any CPU
		{8DF8D893-5042-426D-A5BE-B54291C4FF9B}.Release|x86.ActiveCfg = Release|Any CPU
		{8DF8D893-5042-426D-A5BE-B54291C4FF9B}.Release|x86.Build.0 = Release|Any CPU
		{9B1E29B1-9B45-4A87-A37E-FA7FD3542E53}.Debug|Any CPU.ActiveCfg = Debug|Any CPU
		{9B1E29B1-9B45-4A87-A37E-FA7FD3542E53}.Debug|Any CPU.Build.0 = Debug|Any CPU
		{9B1E29B1-9B45-4A87-A37E-FA7FD3542E53}.Debug|x64.ActiveCfg = Debug|Any CPU
		{9B1E29B1-9B45-4A87-A37E-FA7FD3542E53}.Debug|x64.Build.0 = Debug|Any CPU
		{9B1E29B1-9B45-4A87-A37E-FA7FD3542E53}.Debug|x86.ActiveCfg = Debug|Any CPU
		{9B1E29B1-9B45-4A87-A37E-FA7FD3542E53}.Debug|x86.Build.0 = Debug|Any CPU
		{9B1E29B1-9B45-4A87-A37E-FA7FD3542E53}.Release|Any CPU.ActiveCfg = Release|Any CPU
		{9B1E29B1-9B45-4A87-A37E-FA7FD3542E53}.Release|Any CPU.Build.0 = Release|Any CPU
		{9B1E29B1-9B45-4A87-A37E-FA7FD3542E53}.Release|x64.ActiveCfg = Release|Any CPU
		{9B1E29B1-9B45-4A87-A37E-FA7FD3542E53}.Release|x64.Build.0 = Release|Any CPU
		{9B1E29B1-9B45-4A87-A37E-FA7FD3542E53}.Release|x86.ActiveCfg = Release|Any CPU
		{9B1E29B1-9B45-4A87-A37E-FA7FD3542E53}.Release|x86.Build.0 = Release|Any CPU
	EndGlobalSection
	GlobalSection(SolutionProperties) = preSolution
		HideSolutionNode = FALSE
	EndGlobalSection
	GlobalSection(ExtensibilityGlobals) = postSolution
		SolutionGuid = {C9F75450-A43A-43FA-82BB-C2100FFBF128}
	EndGlobalSection
EndGlobal
